
Microsoft Visual Studio Solution File, Format Version 12.00
# Visual Studio Version 16
VisualStudioVersion = 16.0.30804.86
MinimumVisualStudioVersion = 10.0.40219.1
Project("{FAE04EC0-301F-11D3-BF4B-00C04F79EFBC}") = "RESTAPI_MongoDB", "RESTAPI_MongoDB\RESTAPI_MongoDB.csproj", "{F26DEBAE-63E7-4D28-9A3D-58BCC9D12917}"
EndProject
Global
	GlobalSection(SolutionConfigurationPlatforms) = preSolution
		Debug|Any CPU = Debug|Any CPU
		Release|Any CPU = Release|Any CPU
	EndGlobalSection
	GlobalSection(ProjectConfigurationPlatforms) = postSolution
		{F26DEBAE-63E7-4D28-9A3D-58BCC9D12917}.Debug|Any CPU.ActiveCfg = Debug|Any CPU
		{F26DEBAE-63E7-4D28-9A3D-58BCC9D12917}.Debug|Any CPU.Build.0 = Debug|Any CPU
		{F26DEBAE-63E7-4D28-9A3D-58BCC9D12917}.Release|Any CPU.ActiveCfg = Release|Any CPU
		{F26DEBAE-63E7-4D28-9A3D-58BCC9D12917}.Release|Any CPU.Build.0 = Release|Any CPU
	EndGlobalSection
	GlobalSection(SolutionProperties) = preSolution
		HideSolutionNode = FALSE
	EndGlobalSection
	GlobalSection(ExtensibilityGlobals) = postSolution
		SolutionGuid = {6463FFC0-CB7A-49C6-804B-2B0B716CAC71}
	EndGlobalSection
EndGlobal
